dependencies:
  espressif/mdns:
    component_hash: 8bcf12e37c58c1d584aef32a02b92548124c7a3a9fcf548d3235c844a035e0f0
    dependencies:
    - name: idf
      require: private
      version: '>=5.0'
    source:
      registry_url: https://components.espressif.com/
      type: service
    version: 1.11.1
  idf:
    source:
      type: idf
    version: 6.0.0
  michmich/esp-idf-wifi-provisioner:
    component_hash: 4097d69b49e4781f951ceb80e2966daebc2dd47794c306059797abf4c9ecf1f1
    dependencies:
    - name: idf
      require: private
      version: '>=5.0.0'
    source:
      registry_url: https://components.espressif.com/
      type: service
    targets:
    - esp32
    - esp32s2
    - esp32s3
    - esp32c3
    - esp32c6
    version: 0.4.0
direct_dependencies:
- espressif/mdns
- idf
- michmich/esp-idf-wifi-provisioner
manifest_hash: 0adde950c9f2c855708a8ba1c744f08a590bfd200526b59e0a57de61539689de
target: esp32c3
version: 3.0.0
